
Microsoft Visual Studio Solution File, Format Version 12.00
# Visual Studio 14
VisualStudioVersion = 14.0.23107.0
MinimumVisualStudioVersion = 10.0.40219.1
Project("{8BC9CEB8-8B4A-11D0-8D11-00A0C91BC942}") = "tiny_cnn", "tiny_cnn.vcxproj", "{C7B38F22-F235-45A5-834A-DE2167849C4C}"
EndProject
Project("{8BC9CEB8-8B4A-11D0-8D11-00A0C91BC942}") = "tiny_cnn_test", "tiny_cnn_test.vcxproj", "{680A21F8-5877-48EA-B313-CE23B12167ED}"
EndProject
Global
	GlobalSection(SolutionConfigurationPlatforms) = preSolution
		Debug|Win32 = Debug|Win32
		Release|Win32 = Release|Win32
	EndGlobalSection
	GlobalSection(ProjectConfigurationPlatforms) = postSolution
		{C7B38F22-F235-45A5-834A-DE2167849C4C}.Debug|Win32.ActiveCfg = Debug|Win32
		{C7B38F22-F235-45A5-834A-DE2167849C4C}.Debug|Win32.Build.0 = Debug|Win32
		{C7B38F22-F235-45A5-834A-DE2167849C4C}.Release|Win32.ActiveCfg = Release|Win32
		{C7B38F22-F235-45A5-834A-DE2167849C4C}.Release|Win32.Build.0 = Release|Win32
		{680A21F8-5877-48EA-B313-CE23B12167ED}.Debug|Win32.ActiveCfg = DebugTest|Win32
		{680A21F8-5877-48EA-B313-CE23B12167ED}.Debug|Win32.Build.0 = DebugTest|Win32
		{680A21F8-5877-48EA-B313-CE23B12167ED}.Release|Win32.ActiveCfg = ReleaseTest|Win32
		{680A21F8-5877-48EA-B313-CE23B12167ED}.Release|Win32.Build.0 = ReleaseTest|Win32
	EndGlobalSection
	GlobalSection(SolutionProperties) = preSolution
		HideSolutionNode = FALSE
	EndGlobalSection
EndGlobal
